<Solution>
  <Folder Name="/samples/">
    <File Path="samples/webapi-default.cs" />
    <File Path="samples/webapi-default.run.json" />
    <File Path="samples/webapi-default.settings.json" />
  </Folder>
  <Folder Name="/Solution Items/">
    <File Path="Directory.Build.props" />
    <File Path="Directory.Packages.props" />
  </Folder>
  <Folder Name="/src/">
    <Project Path="src/AlefCarlos.AspNetCoreDefaults.WebApi/AlefCarlos.AspNetCoreDefaults.WebApi.csproj" />
    <Project Path="src/AlefCarlos.AspNetCoreDefaults/AlefCarlos.AspNetCoreDefaults.csproj" />
  </Folder>
  <Folder Name="/src/metapackages/">
    <Project Path="src/metapackages/AlefCarlos.AspNetCore.WebApi/AlefCarlos.AspNetCore.WebApi.csproj" />
  </Folder>
  <Folder Name="/tests/">
    <Project Path="tests/AlefCarlos.AspNetCoreDefaults.Sut/AlefCarlos.AspNetCoreDefaults.Sut.csproj" />
    <Project Path="tests/AlefCarlos.AspNetCoreDefaults.WebApi.Tests/AlefCarlos.AspNetCoreDefaults.WebApi.Tests.csproj" />
    <Project Path="tests/AlefCarlos.AspNetCoreDefaults.Worker.Tests/AlefCarlos.AspNetCoreDefaults.Worker.Tests.csproj" />
  </Folder>
</Solution>
